
Microsoft Visual Studio Solution File, Format Version 12.00
# Visual Studio 15
VisualStudioVersion = 15.0.28010.2019
MinimumVisualStudioVersion = 10.0.40219.1
Project("{8BC9CEB8-8B4A-11D0-8D11-00A0C91BC942}") = "OOP third laba (overloaded operators)", "OOP third laba (overloaded operators)\OOP third laba (overloaded operators).vcxproj", "{4F39E5BD-23C1-44B2-916D-2912D202C383}"
EndProject
Global
	GlobalSection(SolutionConfigurationPlatforms) = preSolution
		Debug|x64 = Debug|x64
		Debug|x86 = Debug|x86
		Release|x64 = Release|x64
		Release|x86 = Release|x86
	EndGlobalSection
	GlobalSection(ProjectConfigurationPlatforms) = postSolution
		{4F39E5BD-23C1-44B2-916D-2912D202C383}.Debug|x64.ActiveCfg = Debug|x64
		{4F39E5BD-23C1-44B2-916D-2912D202C383}.Debug|x64.Build.0 = Debug|x64
		{4F39E5BD-23C1-44B2-916D-2912D202C383}.Debug|x86.ActiveCfg = Debug|Win32
		{4F39E5BD-23C1-44B2-916D-2912D202C383}.Debug|x86.Build.0 = Debug|Win32
		{4F39E5BD-23C1-44B2-916D-2912D202C383}.Release|x64.ActiveCfg = Release|x64
		{4F39E5BD-23C1-44B2-916D-2912D202C383}.Release|x64.Build.0 = Release|x64
		{4F39E5BD-23C1-44B2-916D-2912D202C383}.Release|x86.ActiveCfg = Release|Win32
		{4F39E5BD-23C1-44B2-916D-2912D202C383}.Release|x86.Build.0 = Release|Win32
	EndGlobalSection
	GlobalSection(SolutionProperties) = preSolution
		HideSolutionNode = FALSE
	EndGlobalSection
	GlobalSection(ExtensibilityGlobals) = postSolution
		SolutionGuid = {A3EDE941-C3CC-4D9C-B80D-E89A51B94B2C}
	EndGlobalSection
EndGlobal
